
Microsoft Visual Studio Solution File, Format Version 12.00
# Visual Studio Version 16
VisualStudioVersion = 16.0.31702.278
MinimumVisualStudioVersion = 10.0.40219.1
Project("{2150E333-8FDC-42A3-9474-1A3956D46DE8}") = "2021", "2021", "{349F8507-FA35-42AD-A95D-993D9BF1BC61}"
	ProjectSection(SolutionItems) = preProject
		aoc-2021\README.md = aoc-2021\README.md
	EndProjectSection
EndProject
Project("{9A19103F-16F7-4668-BE54-9A1E7A4F7556}") = "dec-01-part-1", "aoc-2021\dec-01-part-1\dec-01-part-1.csproj", "{2AACAFE5-8C22-432C-B7B9-E05A3EF9A35C}"
EndProject
Project("{9A19103F-16F7-4668-BE54-9A1E7A4F7556}") = "dec-01-part-2", "aoc-2021\dec-01-part-2\dec-01-part-2.csproj", "{FF77C3DA-DF3E-4ADA-87F1-1B33C07E46AA}"
EndProject
Project("{9A19103F-16F7-4668-BE54-9A1E7A4F7556}") = "Library", "Library\Library.csproj", "{E7F6F796-B543-4E0E-9016-10A0EFA33442}"
EndProject
Project("{2150E333-8FDC-42A3-9474-1A3956D46DE8}") = "Index", "Index", "{3AECDA20-0789-4CEF-BEF2-875593A6AB94}"
	ProjectSection(SolutionItems) = preProject
		README.md = README.md
	EndProjectSection
EndProject
Project("{888888A0-9F3D-457C-B088-3A5042F75D52}") = "dec-02-part-1", "aoc-2021\dec-02-part-1\dec-02-part-1.pyproj", "{D2D74D4E-6117-44B4-8D46-8D4289139E72}"
EndProject
Project("{888888A0-9F3D-457C-B088-3A5042F75D52}") = "dec-02-part-2", "aoc-2021\dec-02-part-2\dec-02-part-2.pyproj", "{8A2389B0-554D-4FCF-8CF0-4F5FF9B5792A}"
EndProject
Project("{9A19103F-16F7-4668-BE54-9A1E7A4F7556}") = "dec-03-part-1", "aoc-2021\dec-03-part-1\dec-03-part-1.csproj", "{FBEDA7AF-F6C6-4595-8BB6-E89350F61F80}"
EndProject
Global
	GlobalSection(SolutionConfigurationPlatforms) = preSolution
		Debug|Any CPU = Debug|Any CPU
		Release|Any CPU = Release|Any CPU
	EndGlobalSection
	GlobalSection(ProjectConfigurationPlatforms) = postSolution
		{2AACAFE5-8C22-432C-B7B9-E05A3EF9A35C}.Debug|Any CPU.ActiveCfg = Debug|Any CPU
		{2AACAFE5-8C22-432C-B7B9-E05A3EF9A35C}.Debug|Any CPU.Build.0 = Debug|Any CPU
		{2AACAFE5-8C22-432C-B7B9-E05A3EF9A35C}.Release|Any CPU.ActiveCfg = Release|Any CPU
		{2AACAFE5-8C22-432C-B7B9-E05A3EF9A35C}.Release|Any CPU.Build.0 = Release|Any CPU
		{FF77C3DA-DF3E-4ADA-87F1-1B33C07E46AA}.Debug|Any CPU.ActiveCfg = Debug|Any CPU
		{FF77C3DA-DF3E-4ADA-87F1-1B33C07E46AA}.Debug|Any CPU.Build.0 = Debug|Any CPU
		{FF77C3DA-DF3E-4ADA-87F1-1B33C07E46AA}.Release|Any CPU.ActiveCfg = Release|Any CPU
		{FF77C3DA-DF3E-4ADA-87F1-1B33C07E46AA}.Release|Any CPU.Build.0 = Release|Any CPU
		{E7F6F796-B543-4E0E-9016-10A0EFA33442}.Debug|Any CPU.ActiveCfg = Debug|Any CPU
		{E7F6F796-B543-4E0E-9016-10A0EFA33442}.Debug|Any CPU.Build.0 = Debug|Any CPU
		{E7F6F796-B543-4E0E-9016-10A0EFA33442}.Release|Any CPU.ActiveCfg = Release|Any CPU
		{E7F6F796-B543-4E0E-9016-10A0EFA33442}.Release|Any CPU.Build.0 = Release|Any CPU
		{D2D74D4E-6117-44B4-8D46-8D4289139E72}.Debug|Any CPU.ActiveCfg = Debug|Any CPU
		{D2D74D4E-6117-44B4-8D46-8D4289139E72}.Release|Any CPU.ActiveCfg = Release|Any CPU
		{8A2389B0-554D-4FCF-8CF0-4F5FF9B5792A}.Debug|Any CPU.ActiveCfg = Debug|Any CPU
		{8A2389B0-554D-4FCF-8CF0-4F5FF9B5792A}.Release|Any CPU.ActiveCfg = Release|Any CPU
		{FBEDA7AF-F6C6-4595-8BB6-E89350F61F80}.Debug|Any CPU.ActiveCfg = Debug|Any CPU
		{FBEDA7AF-F6C6-4595-8BB6-E89350F61F80}.Debug|Any CPU.Build.0 = Debug|Any CPU
		{FBEDA7AF-F6C6-4595-8BB6-E89350F61F80}.Release|Any CPU.ActiveCfg = Release|Any CPU
		{FBEDA7AF-F6C6-4595-8BB6-E89350F61F80}.Release|Any CPU.Build.0 = Release|Any CPU
	EndGlobalSection
	GlobalSection(SolutionProperties) = preSolution
		HideSolutionNode = FALSE
	EndGlobalSection
	GlobalSection(NestedProjects) = preSolution
		{2AACAFE5-8C22-432C-B7B9-E05A3EF9A35C} = {349F8507-FA35-42AD-A95D-993D9BF1BC61}
		{FF77C3DA-DF3E-4ADA-87F1-1B33C07E46AA} = {349F8507-FA35-42AD-A95D-993D9BF1BC61}
		{E7F6F796-B543-4E0E-9016-10A0EFA33442} = {349F8507-FA35-42AD-A95D-993D9BF1BC61}
		{D2D74D4E-6117-44B4-8D46-8D4289139E72} = {349F8507-FA35-42AD-A95D-993D9BF1BC61}
		{8A2389B0-554D-4FCF-8CF0-4F5FF9B5792A} = {349F8507-FA35-42AD-A95D-993D9BF1BC61}
		{FBEDA7AF-F6C6-4595-8BB6-E89350F61F80} = {349F8507-FA35-42AD-A95D-993D9BF1BC61}
	EndGlobalSection
	GlobalSection(ExtensibilityGlobals) = postSolution
		SolutionGuid = {C676059D-7346-4DC6-A136-C5A1749A7F1C}
	EndGlobalSection
EndGlobal
